// !$*UTF8*$!
{
	archiveVersion = 1;
	classes = {
	};
	objectVersion = 56;
	objects = {

/* Begin PBXBuildFile section */
		83A0A54C29A79E460052FDC7 /* neueApp.swift in Sources */ = {isa = PBXBuildFile; fileRef = 83A0A54B29A79E460052FDC7 /* neueApp.swift */; };
		83A0A54E29A79E460052FDC7 /* ContentView.swift in Sources */ = {isa = PBXBuildFile; fileRef = 83A0A54D29A79E460052FDC7 /* ContentView.swift */; };
		83A0A55029A79E470052FDC7 /* Assets.xcassets in Resources */ = {isa = PBXBuildFile; fileRef = 83A0A54F29A79E470052FDC7 /* Assets.xcassets */; };
		83A0A55329A79E470052FDC7 /* Preview Assets.xcassets in Resources */ = {isa = PBXBuildFile; fileRef = 83A0A55229A79E470052FDC7 /* Preview Assets.xcassets */; };
		83A0A55D29A79E470052FDC7 /* neueTests.swift in Sources */ = {isa = PBXBuildFile; fileRef = 83A0A55C29A79E470052FDC7 /* neueTests.swift */; };
		83A0A56729A79E470052FDC7 /* neueUITests.swift in Sources */ = {isa = PBXBuildFile; fileRef = 83A0A56629A79E470052FDC7 /* neueUITests.swift */; };
		83A0A56929A79E470052FDC7 /* neueUITestsLaunchTests.swift in Sources */ = {isa = PBXBuildFile; fileRef = 83A0A56829A79E470052FDC7 /* neueUITestsLaunchTests.swift */; };
/* End PBXBuildFile section */

/* Begin PBXContainerItemProxy section */
		83A0A55929A79E470052FDC7 /* PBXContainerItemProxy */ = {
			isa = PBXContainerItemProxy;
			containerPortal = 83A0A54029A79E460052FDC7 /* Project object */;
			proxyType = 1;
			remoteGlobalIDString = 83A0A54729A79E460052FDC7;
			remoteInfo = neue;
		};
		83A0A56329A79E470052FDC7 /* PBXContainerItemProxy */ = {
			isa = PBXContainerItemProxy;
			containerPortal = 83A0A54029A79E460052FDC7 /* Project object */;
			proxyType = 1;
			remoteGlobalIDString = 83A0A54729A79E460052FDC7;
			remoteInfo = neue;
		};
/* End PBXContainerItemProxy section */

/* Begin PBXFileReference section */
		83A0A54829A79E460052FDC7 /* neue.app */ = {isa = PBXFileReference; explicitFileType = wrapper.application; includeInIndex = 0; path = neue.app; sourceTree = BUILT_PRODUCTS_DIR; };
		83A0A54B29A79E460052FDC7 /* neueApp.swift */ = {isa = PBXFileReference; lastKnownFileType = sourcecode.swift; path = neueApp.swift; sourceTree = "<group>"; };
		83A0A54D29A79E460052FDC7 /* ContentView.swift */ = {isa = PBXFileReference; lastKnownFileType = sourcecode.swift; path = ContentView.swift; sourceTree = "<group>"; };
		83A0A54F29A79E470052FDC7 /* Assets.xcassets */ = {isa = PBXFileReference; lastKnownFileType = folder.assetcatalog; path = Assets.xcassets; sourceTree = "<group>"; };
		83A0A55229A79E470052FDC7 /* Preview Assets.xcassets */ = {isa = PBXFileReference; lastKnownFileType = folder.assetcatalog; path = "Preview Assets.xcassets"; sourceTree = "<group>"; };
		83A0A55829A79E470052FDC7 /* neueTests.xctest */ = {isa = PBXFileReference; explicitFileType = wrapper.cfbundle; includeInIndex = 0; path = neueTests.xctest; sourceTree = BUILT_PRODUCTS_DIR; };
		83A0A55C29A79E470052FDC7 /* neueTests.swift */ = {isa = PBXFileReference; lastKnownFileType = sourcecode.swift; path = neueTests.swift; sourceTree = "<group>"; };
		83A0A56229A79E470052FDC7 /* neueUITests.xctest */ = {isa = PBXFileReference; explicitFileType = wrapper.cfbundle; includeInIndex = 0; path = neueUITests.xctest; sourceTree = BUILT_PRODUCTS_DIR; };
		83A0A56629A79E470052FDC7 /* neueUITests.swift */ = {isa = PBXFileReference; lastKnownFileType = sourcecode.swift; path = neueUITests.swift; sourceTree = "<group>"; };
		83A0A56829A79E470052FDC7 /* neueUITestsLaunchTests.swift */ = {isa = PBXFileReference; lastKnownFileType = sourcecode.swift; path = neueUITestsLaunchTests.swift; sourceTree = "<group>"; };
/* End PBXFileReference section */

/* Begin PBXFrameworksBuildPhase section */
		83A0A54529A79E460052FDC7 /* Frameworks */ = {
			isa = PBXFrameworksBuildPhase;
			buildActionMask = 2147483647;
			files = (
			);
			runOnlyForDeploymentPostprocessing = 0;
		};
		83A0A55529A79E470052FDC7 /* Frameworks */ = {
			isa = PBXFrameworksBuildPhase;
			buildActionMask = 2147483647;
			files = (
			);
			runOnlyForDeploymentPostprocessing = 0;
		};
		83A0A55F29A79E470052FDC7 /* Frameworks */ = {
			isa = PBXFrameworksBuildPhase;
			buildActionMask = 2147483647;
			files = (
			);
			runOnlyForDeploymentPostprocessing = 0;
		};
/* End PBXFrameworksBuildPhase section */

/* Begin PBXGroup section */
		83A0A53F29A79E460052FDC7 = {
			isa = PBXGroup;
			children = (
				83A0A54A29A79E460052FDC7 /* neue */,
				83A0A55B29A79E470052FDC7 /* neueTests */,
				83A0A56529A79E470052FDC7 /* neueUITests */,
				83A0A54929A79E460052FDC7 /* Products */,
			);
			sourceTree = "<group>";
		};
		83A0A54929A79E460052FDC7 /* Products */ = {
			isa = PBXGroup;
			children = (
				83A0A54829A79E460052FDC7 /* neue.app */,
				83A0A55829A79E470052FDC7 /* neueTests.xctest */,
				83A0A56229A79E470052FDC7 /* neueUITests.xctest */,
			);
			name = Products;
			sourceTree = "<group>";
		};
		83A0A54A29A79E460052FDC7 /* neue */ = {
			isa = PBXGroup;
			children = (
				83A0A54B29A79E460052FDC7 /* neueApp.swift */,
				83A0A54D29A79E460052FDC7 /* ContentView.swift */,
				83A0A54F29A79E470052FDC7 /* Assets.xcassets */,
				83A0A55129A79E470052FDC7 /* Preview Content */,
			);
			path = neue;
			sourceTree = "<group>";
		};
		83A0A55129A79E470052FDC7 /* Preview Content */ = {
			isa = PBXGroup;
			children = (
				83A0A55229A79E470052FDC7 /* Preview Assets.xcassets */,
			);
			path = "Preview Content";
			sourceTree = "<group>";
		};
		83A0A55B29A79E470052FDC7 /* neueTests */ = {
			isa = PBXGroup;
			children = (
				83A0A55C29A79E470052FDC7 /* neueTests.swift */,
			);
			path = neueTests;
			sourceTree = "<group>";
		};
		83A0A56529A79E470052FDC7 /* neueUITests */ = {
			isa = PBXGroup;
			children = (
				83A0A56629A79E470052FDC7 /* neueUITests.swift */,
				83A0A56829A79E470052FDC7 /* neueUITestsLaunchTests.swift */,
			);
			path = neueUITests;
			sourceTree = "<group>";
		};
/* End PBXGroup section */

/* Begin PBXNativeTarget section */
		83A0A54729A79E460052FDC7 /* neue */ = {
			isa = PBXNativeTarget;
			buildConfigurationList = 83A0A56C29A79E470052FDC7 /* Build configuration list for PBXNativeTarget "neue" */;
			buildPhases = (
				83A0A54429A79E460052FDC7 /* Sources */,
				83A0A54529A79E460052FDC7 /* Frameworks */,
				83A0A54629A79E460052FDC7 /* Resources */,
			);
			buildRules = (
			);
			dependencies = (
			);
			name = neue;
			productName = neue;
			productReference = 83A0A54829A79E460052FDC7 /* neue.app */;
			productType = "com.apple.product-type.application";
		};
		83A0A55729A79E470052FDC7 /* neueTests */ = {
			isa = PBXNativeTarget;
			buildConfigurationList = 83A0A56F29A79E470052FDC7 /* Build configuration list for PBXNativeTarget "neueTests" */;
			buildPhases = (
				83A0A55429A79E470052FDC7 /* Sources */,
				83A0A55529A79E470052FDC7 /* Frameworks */,
				83A0A55629A79E470052FDC7 /* Resources */,
			);
			buildRules = (
			);
			dependencies = (
				83A0A55A29A79E470052FDC7 /* PBXTargetDependency */,
			);
			name = neueTests;
			productName = neueTests;
			productReference = 83A0A55829A79E470052FDC7 /* neueTests.xctest */;
			productType = "com.apple.product-type.bundle.unit-test";
		};
		83A0A56129A79E470052FDC7 /* neueUITests */ = {
			isa = PBXNativeTarget;
			buildConfigurationList = 83A0A57229A79E470052FDC7 /* Build configuration list for PBXNativeTarget "neueUITests" */;
			buildPhases = (
				83A0A55E29A79E470052FDC7 /* Sources */,
				83A0A55F29A79E470052FDC7 /* Frameworks */,
				83A0A56029A79E470052FDC7 /* Resources */,
			);
			buildRules = (
			);
			dependencies = (
				83A0A56429A79E470052FDC7 /* PBXTargetDependency */,
			);
			name = neueUITests;
			productName = neueUITests;
			productReference = 83A0A56229A79E470052FDC7 /* neueUITests.xctest */;
			productType = "com.apple.product-type.bundle.ui-testing";
		};
/* End PBXNativeTarget section */

/* Begin PBXProject section */
		83A0A54029A79E460052FDC7 /* Project object */ = {
			isa = PBXProject;
			attributes = {
				BuildIndependentTargetsInParallel = 1;
				LastSwiftUpdateCheck = 1410;
				LastUpgradeCheck = 1410;
				TargetAttributes = {
					83A0A54729A79E460052FDC7 = {
						CreatedOnToolsVersion = 14.1;
					};
					83A0A55729A79E470052FDC7 = {
						CreatedOnToolsVersion = 14.1;
						TestTargetID = 83A0A54729A79E460052FDC7;
					};
					83A0A56129A79E470052FDC7 = {
						CreatedOnToolsVersion = 14.1;
						TestTargetID = 83A0A54729A79E460052FDC7;
					};
				};
			};
			buildConfigurationList = 83A0A54329A79E460052FDC7 /* Build configuration list for PBXProject "neue" */;
			compatibilityVersion = "Xcode 14.0";
			developmentRegion = en;
			hasScannedForEncodings = 0;
			knownRegions = (
				en,
				Base,
			);
			mainGroup = 83A0A53F29A79E460052FDC7;
			productRefGroup = 83A0A54929A79E460052FDC7 /* Products */;
			projectDirPath = "";
			projectRoot = "";
			targets = (
				83A0A54729A79E460052FDC7 /* neue */,
				83A0A55729A79E470052FDC7 /* neueTests */,
				83A0A56129A79E470052FDC7 /* neueUITests */,
			);
		};
/* End PBXProject section */

/* Begin PBXResourcesBuildPhase section */
		83A0A54629A79E460052FDC7 /* Resources */ = {
			isa = PBXResourcesBuildPhase;
			buildActionMask = 2147483647;
			files = (
				83A0A55329A79E470052FDC7 /* Preview Assets.xcassets in Resources */,
				83A0A55029A79E470052FDC7 /* Assets.xcassets in Resources */,
			);
			runOnlyForDeploymentPostprocessing = 0;
		};
		83A0A55629A79E470052FDC7 /* Resources */ = {
			isa = PBXResourcesBuildPhase;
			buildActionMask = 2147483647;
			files = (
			);
			runOnlyForDeploymentPostprocessing = 0;
		};
		83A0A56029A79E470052FDC7 /* Resources */ = {
			isa = PBXResourcesBuildPhase;
			buildActionMask = 2147483647;
			files = (
			);
			runOnlyForDeploymentPostprocessing = 0;
		};
/* End PBXResourcesBuildPhase section */

/* Begin PBXSourcesBuildPhase section */
		83A0A54429A79E460052FDC7 /* Sources */ = {
			isa = PBXSourcesBuildPhase;
			buildActionMask = 2147483647;
			files = (
				83A0A54E29A79E460052FDC7 /* ContentView.swift in Sources */,
				83A0A54C29A79E460052FDC7 /* neueApp.swift in Sources */,
			);
			runOnlyForDeploymentPostprocessing = 0;
		};
		83A0A55429A79E470052FDC7 /* Sources */ = {
			isa = PBXSourcesBuildPhase;
			buildActionMask = 2147483647;
			files = (
				83A0A55D29A79E470052FDC7 /* neueTests.swift in Sources */,
			);
			runOnlyForDeploymentPostprocessing = 0;
		};
		83A0A55E29A79E470052FDC7 /* Sources */ = {
			isa = PBXSourcesBuildPhase;
			buildActionMask = 2147483647;
			files = (
				83A0A56729A79E470052FDC7 /* neueUITests.swift in Sources */,
				83A0A56929A79E470052FDC7 /* neueUITestsLaunchTests.swift in Sources */,
			);
			runOnlyForDeploymentPostprocessing = 0;
		};
/* End PBXSourcesBuildPhase section */

/* Begin PBXTargetDependency section */
		83A0A55A29A79E470052FDC7 /* PBXTargetDependency */ = {
			isa = PBXTargetDependency;
			target = 83A0A54729A79E460052FDC7 /* neue */;
			targetProxy = 83A0A55929A79E470052FDC7 /* PBXContainerItemProxy */;
		};
		83A0A56429A79E470052FDC7 /* PBXTargetDependency */ = {
			isa = PBXTargetDependency;
			target = 83A0A54729A79E460052FDC7 /* neue */;
			targetProxy = 83A0A56329A79E470052FDC7 /* PBXContainerItemProxy */;
		};
/* End PBXTargetDependency section */

/* Begin XCBuildConfiguration section */
		83A0A56A29A79E470052FDC7 /* Debug */ = {
			isa = XCBuildConfiguration;
			buildSettings = {
				ALWAYS_SEARCH_USER_PATHS = NO;
				CLANG_ANALYZER_NONNULL = YES;
				CLANG_ANALYZER_NUMBER_OBJECT_CONVERSION = YES_AGGRESSIVE;
				CLANG_CXX_LANGUAGE_STANDARD = "gnu++20";
				CLANG_ENABLE_MODULES = YES;
				CLANG_ENABLE_OBJC_ARC = YES;
				CLANG_ENABLE_OBJC_WEAK = YES;
				CLANG_WARN_BLOCK_CAPTURE_AUTORELEASING = YES;
				CLANG_WARN_BOOL_CONVERSION = YES;
				CLANG_WARN_COMMA = YES;
				CLANG_WARN_CONSTANT_CONVERSION = YES;
				CLANG_WARN_DEPRECATED_OBJC_IMPLEMENTATIONS = YES;
				CLANG_WARN_DIRECT_OBJC_ISA_USAGE = YES_ERROR;
				CLANG_WARN_DOCUMENTATION_COMMENTS = YES;
				CLANG_WARN_EMPTY_BODY = YES;
				CLANG_WARN_ENUM_CONVERSION = YES;
				CLANG_WARN_INFINITE_RECURSION = YES;
				CLANG_WARN_INT_CONVERSION = YES;
				CLANG_WARN_NON_LITERAL_NULL_CONVERSION = YES;
				CLANG_WARN_OBJC_IMPLICIT_RETAIN_SELF = YES;
				CLANG_WARN_OBJC_LITERAL_CONVERSION = YES;
				CLANG_WARN_OBJC_ROOT_CLASS = YES_ERROR;
				CLANG_WARN_QUOTED_INCLUDE_IN_FRAMEWORK_HEADER = YES;
				CLANG_WARN_RANGE_LOOP_ANALYSIS = YES;
				CLANG_WARN_STRICT_PROTOTYPES = YES;
				CLANG_WARN_SUSPICIOUS_MOVE = YES;
				CLANG_WARN_UNGUARDED_AVAILABILITY = YES_AGGRESSIVE;
				CLANG_WARN_UNREACHABLE_CODE = YES;
				CLANG_WARN__DUPLICATE_METHOD_MATCH = YES;
				COPY_PHASE_STRIP = NO;
				DEBUG_INFORMATION_FORMAT = dwarf;
				ENABLE_STRICT_OBJC_MSGSEND = YES;
				ENABLE_TESTABILITY = YES;
				GCC_C_LANGUAGE_STANDARD = gnu11;
				GCC_DYNAMIC_NO_PIC = NO;
				GCC_NO_COMMON_BLOCKS = YES;
				GCC_OPTIMIZATION_LEVEL = 0;
				GCC_PREPROCESSOR_DEFINITIONS = (
					"DEBUG=1",
					"$(inherited)",
				);
				GCC_WARN_64_TO_32_BIT_CONVERSION = YES;
				GCC_WARN_ABOUT_RETURN_TYPE = YES_ERROR;
				GCC_WARN_UNDECLARED_SELECTOR = YES;
				GCC_WARN_UNINITIALIZED_AUTOS = YES_AGGRESSIVE;
				GCC_WARN_UNUSED_FUNCTION = YES;
				GCC_WARN_UNUSED_VARIABLE = YES;
				IPHONEOS_DEPLOYMENT_TARGET = 16.1;
				MTL_ENABLE_DEBUG_INFO = INCLUDE_SOURCE;
				MTL_FAST_MATH = YES;
				ONLY_ACTIVE_ARCH = YES;
				SDKROOT = iphoneos;
				SWIFT_ACTIVE_COMPILATION_CONDITIONS = DEBUG;
				SWIFT_OPTIMIZATION_LEVEL = "-Onone";
			};
			name = Debug;
		};
		83A0A56B29A79E470052FDC7 /* Release */ = {
			isa = XCBuildConfiguration;
			buildSettings = {
				ALWAYS_SEARCH_USER_PATHS = NO;
				CLANG_ANALYZER_NONNULL = YES;
				CLANG_ANALYZER_NUMBER_OBJECT_CONVERSION = YES_AGGRESSIVE;
				CLANG_CXX_LANGUAGE_STANDARD = "gnu++20";
				CLANG_ENABLE_MODULES = YES;
				CLANG_ENABLE_OBJC_ARC = YES;
				CLANG_ENABLE_OBJC_WEAK = YES;
				CLANG_WARN_BLOCK_CAPTURE_AUTORELEASING = YES;
				CLANG_WARN_BOOL_CONVERSION = YES;
				CLANG_WARN_COMMA = YES;
				CLANG_WARN_CONSTANT_CONVERSION = YES;
				CLANG_WARN_DEPRECATED_OBJC_IMPLEMENTATIONS = YES;
				CLANG_WARN_DIRECT_OBJC_ISA_USAGE = YES_ERROR;
				CLANG_WARN_DOCUMENTATION_COMMENTS = YES;
				CLANG_WARN_EMPTY_BODY = YES;
				CLANG_WARN_ENUM_CONVERSION = YES;
				CLANG_WARN_INFINITE_RECURSION = YES;
				CLANG_WARN_INT_CONVERSION = YES;
				CLANG_WARN_NON_LITERAL_NULL_CONVERSION = YES;
				CLANG_WARN_OBJC_IMPLICIT_RETAIN_SELF = YES;
				CLANG_WARN_OBJC_LITERAL_CONVERSION = YES;
				CLANG_WARN_OBJC_ROOT_CLASS = YES_ERROR;
				CLANG_WARN_QUOTED_INCLUDE_IN_FRAMEWORK_HEADER = YES;
				CLANG_WARN_RANGE_LOOP_ANALYSIS = YES;
				CLANG_WARN_STRICT_PROTOTYPES = YES;
				CLANG_WARN_SUSPICIOUS_MOVE = YES;
				CLANG_WARN_UNGUARDED_AVAILABILITY = YES_AGGRESSIVE;
				CLANG_WARN_UNREACHABLE_CODE = YES;
				CLANG_WARN__DUPLICATE_METHOD_MATCH = YES;
				COPY_PHASE_STRIP = NO;
				DEBUG_INFORMATION_FORMAT = "dwarf-with-dsym";
				ENABLE_NS_ASSERTIONS = NO;
				ENABLE_STRICT_OBJC_MSGSEND = YES;
				GCC_C_LANGUAGE_STANDARD = gnu11;
				GCC_NO_COMMON_BLOCKS = YES;
				GCC_WARN_64_TO_32_BIT_CONVERSION = YES;
				GCC_WARN_ABOUT_RETURN_TYPE = YES_ERROR;
				GCC_WARN_UNDECLARED_SELECTOR = YES;
				GCC_WARN_UNINITIALIZED_AUTOS = YES_AGGRESSIVE;
				GCC_WARN_UNUSED_FUNCTION = YES;
				GCC_WARN_UNUSED_VARIABLE = YES;
				IPHONEOS_DEPLOYMENT_TARGET = 16.1;
				MTL_ENABLE_DEBUG_INFO = NO;
				MTL_FAST_MATH = YES;
				SDKROOT = iphoneos;
				SWIFT_COMPILATION_MODE = wholemodule;
				SWIFT_OPTIMIZATION_LEVEL = "-O";
				VALIDATE_PRODUCT = YES;
			};
			name = Release;
		};
		83A0A56D29A79E470052FDC7 /* Debug */ = {
			isa = XCBuildConfiguration;
			buildSettings = {
				ASSETCATALOG_COMPILER_APPICON_NAME = AppIcon;
				ASSETCATALOG_COMPILER_GLOBAL_ACCENT_COLOR_NAME = AccentColor;
				CODE_SIGN_STYLE = Automatic;
				CURRENT_PROJECT_VERSION = 1;
				DEVELOPMENT_ASSET_PATHS = "\"neue/Preview Content\"";
				ENABLE_PREVIEWS = YES;
				GENERATE_INFOPLIST_FILE = YES;
				INFOPLIST_KEY_UIApplicationSceneManifest_Generation = YES;
				INFOPLIST_KEY_UIApplicationSupportsIndirectInputEvents = YES;
				INFOPLIST_KEY_UILaunchScreen_Generation = YES;
				INFOPLIST_KEY_UISupportedInterfaceOrientations_iPad = "UIInterfaceOrientationPortrait UIInterfaceOrientationPortraitUpsideDown UIInterfaceOrientationLandscapeLeft UIInterfaceOrientationLandscapeRight";
				INFOPLIST_KEY_UISupportedInterfaceOrientations_iPhone = "UIInterfaceOrientationPortrait UIInterfaceOrientationLandscapeLeft UIInterfaceOrientationLandscapeRight";
				LD_RUNPATH_SEARCH_PATHS = (
					"$(inherited)",
					"@executable_path/Frameworks",
				);
				MARKETING_VERSION = 1.0;
				PRODUCT_BUNDLE_IDENTIFIER = de.syntax.neue;
				PRODUCT_NAME = "$(TARGET_NAME)";
				SWIFT_EMIT_LOC_STRINGS = YES;
				SWIFT_VERSION = 5.0;
				TARGETED_DEVICE_FAMILY = "1,2";
			};
			name = Debug;
		};
		83A0A56E29A79E470052FDC7 /* Release */ = {
			isa = XCBuildConfiguration;
			buildSettings = {
				ASSETCATALOG_COMPILER_APPICON_NAME = AppIcon;
				ASSETCATALOG_COMPILER_GLOBAL_ACCENT_COLOR_NAME = AccentColor;
				CODE_SIGN_STYLE = Automatic;
				CURRENT_PROJECT_VERSION = 1;
				DEVELOPMENT_ASSET_PATHS = "\"neue/Preview Content\"";
				ENABLE_PREVIEWS = YES;
				GENERATE_INFOPLIST_FILE = YES;
				INFOPLIST_KEY_UIApplicationSceneManifest_Generation = YES;
				INFOPLIST_KEY_UIApplicationSupportsIndirectInputEvents = YES;
				INFOPLIST_KEY_UILaunchScreen_Generation = YES;
				INFOPLIST_KEY_UISupportedInterfaceOrientations_iPad = "UIInterfaceOrientationPortrait UIInterfaceOrientationPortraitUpsideDown UIInterfaceOrientationLandscapeLeft UIInterfaceOrientationLandscapeRight";
				INFOPLIST_KEY_UISupportedInterfaceOrientations_iPhone = "UIInterfaceOrientationPortrait UIInterfaceOrientationLandscapeLeft UIInterfaceOrientationLandscapeRight";
				LD_RUNPATH_SEARCH_PATHS = (
					"$(inherited)",
					"@executable_path/Frameworks",
				);
				MARKETING_VERSION = 1.0;
				PRODUCT_BUNDLE_IDENTIFIER = de.syntax.neue;
				PRODUCT_NAME = "$(TARGET_NAME)";
				SWIFT_EMIT_LOC_STRINGS = YES;
				SWIFT_VERSION = 5.0;
				TARGETED_DEVICE_FAMILY = "1,2";
			};
			name = Release;
		};
		83A0A57029A79E470052FDC7 /* Debug */ = {
			isa = XCBuildConfiguration;
			buildSettings = {
				ALWAYS_EMBED_SWIFT_STANDARD_LIBRARIES = YES;
				BUNDLE_LOADER = "$(TEST_HOST)";
				CODE_SIGN_STYLE = Automatic;
				CURRENT_PROJECT_VERSION = 1;
				GENERATE_INFOPLIST_FILE = YES;
				IPHONEOS_DEPLOYMENT_TARGET = 16.1;
				MARKETING_VERSION = 1.0;
				PRODUCT_BUNDLE_IDENTIFIER = de.syntax.neueTests;
				PRODUCT_NAME = "$(TARGET_NAME)";
				SWIFT_EMIT_LOC_STRINGS = NO;
				SWIFT_VERSION = 5.0;
				TARGETED_DEVICE_FAMILY = "1,2";
				TEST_HOST = "$(BUILT_PRODUCTS_DIR)/neue.app/$(BUNDLE_EXECUTABLE_FOLDER_PATH)/neue";
			};
			name = Debug;
		};
		83A0A57129A79E470052FDC7 /* Release */ = {
			isa = XCBuildConfiguration;
			buildSettings = {
				ALWAYS_EMBED_SWIFT_STANDARD_LIBRARIES = YES;
				BUNDLE_LOADER = "$(TEST_HOST)";
				CODE_SIGN_STYLE = Automatic;
				CURRENT_PROJECT_VERSION = 1;
				GENERATE_INFOPLIST_FILE = YES;
				IPHONEOS_DEPLOYMENT_TARGET = 16.1;
				MARKETING_VERSION = 1.0;
				PRODUCT_BUNDLE_IDENTIFIER = de.syntax.neueTests;
				PRODUCT_NAME = "$(TARGET_NAME)";
				SWIFT_EMIT_LOC_STRINGS = NO;
				SWIFT_VERSION = 5.0;
				TARGETED_DEVICE_FAMILY = "1,2";
				TEST_HOST = "$(BUILT_PRODUCTS_DIR)/neue.app/$(BUNDLE_EXECUTABLE_FOLDER_PATH)/neue";
			};
			name = Release;
		};
		83A0A57329A79E470052FDC7 /* Debug */ = {
			isa = XCBuildConfiguration;
			buildSettings = {
				ALWAYS_EMBED_SWIFT_STANDARD_LIBRARIES = YES;
				CODE_SIGN_STYLE = Automatic;
				CURRENT_PROJECT_VERSION = 1;
				GENERATE_INFOPLIST_FILE = YES;
				MARKETING_VERSION = 1.0;
				PRODUCT_BUNDLE_IDENTIFIER = de.syntax.neueUITests;
				PRODUCT_NAME = "$(TARGET_NAME)";
				SWIFT_EMIT_LOC_STRINGS = NO;
				SWIFT_VERSION = 5.0;
				TARGETED_DEVICE_FAMILY = "1,2";
				TEST_TARGET_NAME = neue;
			};
			name = Debug;
		};
		83A0A57429A79E470052FDC7 /* Release */ = {
			isa = XCBuildConfiguration;
			buildSettings = {
				ALWAYS_EMBED_SWIFT_STANDARD_LIBRARIES = YES;
				CODE_SIGN_STYLE = Automatic;
				CURRENT_PROJECT_VERSION = 1;
				GENERATE_INFOPLIST_FILE = YES;
				MARKETING_VERSION = 1.0;
				PRODUCT_BUNDLE_IDENTIFIER = de.syntax.neueUITests;
				PRODUCT_NAME = "$(TARGET_NAME)";
				SWIFT_EMIT_LOC_STRINGS = NO;
				SWIFT_VERSION = 5.0;
				TARGETED_DEVICE_FAMILY = "1,2";
				TEST_TARGET_NAME = neue;
			};
			name = Release;
		};
/* End XCBuildConfiguration section */

/* Begin XCConfigurationList section */
		83A0A54329A79E460052FDC7 /* Build configuration list for PBXProject "neue" */ = {
			isa = XCConfigurationList;
			buildConfigurations = (
				83A0A56A29A79E470052FDC7 /* Debug */,
				83A0A56B29A79E470052FDC7 /* Release */,
			);
			defaultConfigurationIsVisible = 0;
			defaultConfigurationName = Release;
		};
		83A0A56C29A79E470052FDC7 /* Build configuration list for PBXNativeTarget "neue" */ = {
			isa = XCConfigurationList;
			buildConfigurations = (
				83A0A56D29A79E470052FDC7 /* Debug */,
				83A0A56E29A79E470052FDC7 /* Release */,
			);
			defaultConfigurationIsVisible = 0;
			defaultConfigurationName = Release;
		};
		83A0A56F29A79E470052FDC7 /* Build configuration list for PBXNativeTarget "neueTests" */ = {
			isa = XCConfigurationList;
			buildConfigurations = (
				83A0A57029A79E470052FDC7 /* Debug */,
				83A0A57129A79E470052FDC7 /* Release */,
			);
			defaultConfigurationIsVisible = 0;
			defaultConfigurationName = Release;
		};
		83A0A57229A79E470052FDC7 /* Build configuration list for PBXNativeTarget "neueUITests" */ = {
			isa = XCConfigurationList;
			buildConfigurations = (
				83A0A57329A79E470052FDC7 /* Debug */,
				83A0A57429A79E470052FDC7 /* Release */,
			);
			defaultConfigurationIsVisible = 0;
			defaultConfigurationName = Release;
		};
/* End XCConfigurationList section */
	};
	rootObject = 83A0A54029A79E460052FDC7 /* Project object */;
}
